
Microsoft Visual Studio Solution File, Format Version 12.00
# Visual Studio Version 16
VisualStudioVersion = 16.0.31729.503
MinimumVisualStudioVersion = 10.0.40219.1
Project("{FAE04EC0-301F-11D3-BF4B-00C04F79EFBC}") = "AprendendoCSharp", "AprendendoCSharp\AprendendoCSharp.csproj", "{DBC8AFAA-2BF9-4E06-B4CB-91F9267906AB}"
EndProject
Project("{FAE04EC0-301F-11D3-BF4B-00C04F79EFBC}") = "Variaveis", "Variaveis\Variaveis.csproj", "{D5AE36CA-2DAB-495F-946B-2A5F4A41919B}"
EndProject
Project("{FAE04EC0-301F-11D3-BF4B-00C04F79EFBC}") = "StringsChar", "StringsChar\StringsChar.csproj", "{69342668-054C-48B6-B856-2DBD628B5ADD}"
EndProject
Project("{FAE04EC0-301F-11D3-BF4B-00C04F79EFBC}") = "Condicionais", "Condicionais\Condicionais.csproj", "{F2C0F70E-7689-43EC-AC5D-1A3AC96888E9}"
EndProject
Project("{FAE04EC0-301F-11D3-BF4B-00C04F79EFBC}") = "LacosDeRepeticao", "LacosDeRepeticao\LacosDeRepeticao.csproj", "{8D5A1781-052C-4BED-8662-6E4B6945F8AF}"
EndProject
Global
	GlobalSection(SolutionConfigurationPlatforms) = preSolution
		Debug|Any CPU = Debug|Any CPU
		Release|Any CPU = Release|Any CPU
	EndGlobalSection
	GlobalSection(ProjectConfigurationPlatforms) = postSolution
		{DBC8AFAA-2BF9-4E06-B4CB-91F9267906AB}.Debug|Any CPU.ActiveCfg = Debug|Any CPU
		{DBC8AFAA-2BF9-4E06-B4CB-91F9267906AB}.Debug|Any CPU.Build.0 = Debug|Any CPU
		{DBC8AFAA-2BF9-4E06-B4CB-91F9267906AB}.Release|Any CPU.ActiveCfg = Release|Any CPU
		{DBC8AFAA-2BF9-4E06-B4CB-91F9267906AB}.Release|Any CPU.Build.0 = Release|Any CPU
		{D5AE36CA-2DAB-495F-946B-2A5F4A41919B}.Debug|Any CPU.ActiveCfg = Debug|Any CPU
		{D5AE36CA-2DAB-495F-946B-2A5F4A41919B}.Debug|Any CPU.Build.0 = Debug|Any CPU
		{D5AE36CA-2DAB-495F-946B-2A5F4A41919B}.Release|Any CPU.ActiveCfg = Release|Any CPU
		{D5AE36CA-2DAB-495F-946B-2A5F4A41919B}.Release|Any CPU.Build.0 = Release|Any CPU
		{69342668-054C-48B6-B856-2DBD628B5ADD}.Debug|Any CPU.ActiveCfg = Debug|Any CPU
		{69342668-054C-48B6-B856-2DBD628B5ADD}.Debug|Any CPU.Build.0 = Debug|Any CPU
		{69342668-054C-48B6-B856-2DBD628B5ADD}.Release|Any CPU.ActiveCfg = Release|Any CPU
		{69342668-054C-48B6-B856-2DBD628B5ADD}.Release|Any CPU.Build.0 = Release|Any CPU
		{F2C0F70E-7689-43EC-AC5D-1A3AC96888E9}.Debug|Any CPU.ActiveCfg = Debug|Any CPU
		{F2C0F70E-7689-43EC-AC5D-1A3AC96888E9}.Debug|Any CPU.Build.0 = Debug|Any CPU
		{F2C0F70E-7689-43EC-AC5D-1A3AC96888E9}.Release|Any CPU.ActiveCfg = Release|Any CPU
		{F2C0F70E-7689-43EC-AC5D-1A3AC96888E9}.Release|Any CPU.Build.0 = Release|Any CPU
		{8D5A1781-052C-4BED-8662-6E4B6945F8AF}.Debug|Any CPU.ActiveCfg = Debug|Any CPU
		{8D5A1781-052C-4BED-8662-6E4B6945F8AF}.Debug|Any CPU.Build.0 = Debug|Any CPU
		{8D5A1781-052C-4BED-8662-6E4B6945F8AF}.Release|Any CPU.ActiveCfg = Release|Any CPU
		{8D5A1781-052C-4BED-8662-6E4B6945F8AF}.Release|Any CPU.Build.0 = Release|Any CPU
	EndGlobalSection
	GlobalSection(SolutionProperties) = preSolution
		HideSolutionNode = FALSE
	EndGlobalSection
	GlobalSection(ExtensibilityGlobals) = postSolution
		SolutionGuid = {90D6DB97-BDFF-4F1F-BC0E-F3A90CF940D9}
	EndGlobalSection
EndGlobal
